
Microsoft Visual Studio Solution File, Format Version 11.00
# Visual Studio 2010
Project("{FAE04EC0-301F-11D3-BF4B-00C04F79EFBC}") = "SearchAll", "SearchAll.csproj", "{91C4664C-100F-4503-B201-A3BAB1840729}"
EndProject
Project("{FAE04EC0-301F-11D3-BF4B-00C04F79EFBC}") = "DAL", "..\DAL\DAL.csproj", "{21C093F5-799A-45EE-B802-466A8FE1291A}"
EndProject
Global
	GlobalSection(SolutionConfigurationPlatforms) = preSolution
		Debug|Any CPU = Debug|Any CPU
		Release|Any CPU = Release|Any CPU
	EndGlobalSection
	GlobalSection(ProjectConfigurationPlatforms) = postSolution
		{91C4664C-100F-4503-B201-A3BAB1840729}.Debug|Any CPU.ActiveCfg = Debug|Any CPU
		{91C4664C-100F-4503-B201-A3BAB1840729}.Debug|Any CPU.Build.0 = Debug|Any CPU
		{91C4664C-100F-4503-B201-A3BAB1840729}.Release|Any CPU.ActiveCfg = Release|Any CPU
		{91C4664C-100F-4503-B201-A3BAB1840729}.Release|Any CPU.Build.0 = Release|Any CPU
		{21C093F5-799A-45EE-B802-466A8FE1291A}.Debug|Any CPU.ActiveCfg = Debug|Any CPU
		{21C093F5-799A-45EE-B802-466A8FE1291A}.Debug|Any CPU.Build.0 = Debug|Any CPU
		{21C093F5-799A-45EE-B802-466A8FE1291A}.Release|Any CPU.ActiveCfg = Release|Any CPU
		{21C093F5-799A-45EE-B802-466A8FE1291A}.Release|Any CPU.Build.0 = Release|Any CPU
	EndGlobalSection
	GlobalSection(SolutionProperties) = preSolution
		HideSolutionNode = FALSE
	EndGlobalSection
EndGlobal
